lockVersion: 2.0.0
id: c921ac1f-7be5-423b-b385-7f3f7aaa6ba4
management:
  docChecksum: cc5222e7ad6b4dd1fdcb132656060fd6
  docVersion: 1.0.0
  speakeasyVersion: 1.282.0
  generationVersion: 2.326.0
  releaseVersion: 0.9.7
  configChecksum: 2527ad8da918026b16cb1bdfb6cbfe3c
  repoURL: https://github.com/ding-live/ding-php.git
  repoSubDirectory: .
  installationURL: https://github.com/ding-live/ding-php
  published: true
features:
  php:
    core: 3.3.4
    examples: 2.81.3
    flattening: 2.81.1
    globalSecurity: 2.81.6
    globalServerURLs: 2.82.1
generatedFiles:
  - src/SDKConfiguration.php
  - src/Otp.php
  - src/Lookup.php
  - src/Ding.php
  - src/DingBuilder.php
  - composer.json
  - phpstan.neon
  - rector.php
  - src/Utils/EnumHandler.php
  - src/Utils/FormMetadata.php
  - src/Utils/Headers.php
  - src/Utils/JSON.php
  - src/Utils/MixedJSONHandler.php
  - src/Utils/MultipartMetadata.php
  - src/Utils/ParamsMetadata.php
  - src/Utils/PathParameters.php
  - src/Utils/QueryParameters.php
  - src/Utils/RequestBodies.php
  - src/Utils/RequestMetadata.php
  - src/Utils/Security.php
  - src/Utils/SecurityClient.php
  - src/Utils/SecurityMetadata.php
  - src/Utils/SpeakeasyMetadata.php
  - src/Utils/Utils.php
  - src/Models/Operations/CheckResponse.php
  - src/Models/Operations/CreateAuthenticationResponse.php
  - src/Models/Operations/FeedbackResponse.php
  - src/Models/Operations/RetryResponse.php
  - src/Models/Operations/LookupRequest.php
  - src/Models/Operations/LookupResponse.php
  - src/Models/Shared/Code.php
  - src/Models/Shared/ErrorResponse.php
  - src/Models/Shared/CreateCheckResponseStatus.php
  - src/Models/Shared/CreateCheckResponse.php
  - src/Models/Shared/CreateCheckRequest.php
  - src/Models/Shared/Status.php
  - src/Models/Shared/CreateAuthenticationResponse.php
  - src/Models/Shared/DeviceType.php
  - src/Models/Shared/CreateAuthenticationRequest.php
  - src/Models/Shared/FeedbackResponse.php
  - src/Models/Shared/FeedbackRequestStatus.php
  - src/Models/Shared/FeedbackRequest.php
  - src/Models/Shared/RetryAuthenticationResponseStatus.php
  - src/Models/Shared/RetryAuthenticationResponse.php
  - src/Models/Shared/RetryAuthenticationRequest.php
  - src/Models/Shared/LineType.php
  - src/Models/Shared/LookupResponse.php
  - src/Models/Shared/Security.php
  - docs/Models/Operations/CheckResponse.md
  - docs/Models/Operations/CreateAuthenticationResponse.md
  - docs/Models/Operations/FeedbackResponse.md
  - docs/Models/Operations/RetryResponse.md
  - docs/Models/Operations/LookupRequest.md
  - docs/Models/Operations/LookupResponse.md
  - docs/Models/Shared/Code.md
  - docs/Models/Shared/ErrorResponse.md
  - docs/Models/Shared/CreateCheckResponseStatus.md
  - docs/Models/Shared/CreateCheckResponse.md
  - docs/Models/Shared/CreateCheckRequest.md
  - docs/Models/Shared/Status.md
  - docs/Models/Shared/CreateAuthenticationResponse.md
  - docs/Models/Shared/DeviceType.md
  - docs/Models/Shared/CreateAuthenticationRequest.md
  - docs/Models/Shared/FeedbackResponse.md
  - docs/Models/Shared/FeedbackRequestStatus.md
  - docs/Models/Shared/FeedbackRequest.md
  - docs/Models/Shared/RetryAuthenticationResponseStatus.md
  - docs/Models/Shared/RetryAuthenticationResponse.md
  - docs/Models/Shared/RetryAuthenticationRequest.md
  - docs/Models/Shared/LineType.md
  - docs/Models/Shared/LookupResponse.md
  - docs/Models/Shared/Security.md
  - docs/sdks/ding/README.md
  - docs/sdks/otp/README.md
  - docs/sdks/lookup/README.md
  - USAGE.md
  - .gitattributes
